// !$*UTF8*$!
{
	archiveVersion = 1;
	classes = {
	};
	objectVersion = 50;
	objects = {

/* Begin PBXBuildFile section */
		1100394725F5291300E5B58E /* BaseCoordinator.swift in Sources */ = {isa = PBXBuildFile; fileRef = 1100394625F5291300E5B58E /* BaseCoordinator.swift */; };
		1100395125F52C4600E5B58E /* BaseViewController.swift in Sources */ = {isa = PBXBuildFile; fileRef = 1100395025F52C4600E5B58E /* BaseViewController.swift */; };
		1100395525F52C5B00E5B58E /* BaseViewModel.swift in Sources */ = {isa = PBXBuildFile; fileRef = 1100395425F52C5B00E5B58E /* BaseViewModel.swift */; };
		1100395825F52C6200E5B58E /* StateStore.swift in Sources */ = {isa = PBXBuildFile; fileRef = 1100395725F52C6200E5B58E /* StateStore.swift */; };
		1100395D25F52E0000E5B58E /* MainCoordinator.swift in Sources */ = {isa = PBXBuildFile; fileRef = 1100395C25F52E0000E5B58E /* MainCoordinator.swift */; };
		1100396125F52FCA00E5B58E /* UIViewController+Extensions.swift in Sources */ = {isa = PBXBuildFile; fileRef = 1100396025F52FCA00E5B58E /* UIViewController+Extensions.swift */; };
		1127367925F51DE1004F6519 /* AppDelegate.swift in Sources */ = {isa = PBXBuildFile; fileRef = 1127367825F51DE1004F6519 /* AppDelegate.swift */; };
		1127367B25F51DE1004F6519 /* SceneDelegate.swift in Sources */ = {isa = PBXBuildFile; fileRef = 1127367A25F51DE1004F6519 /* SceneDelegate.swift */; };
		1127367F25F51DE3004F6519 /* Assets.xcassets in Resources */ = {isa = PBXBuildFile; fileRef = 1127367E25F51DE3004F6519 /* Assets.xcassets */; };
		1127368525F51DE3004F6519 /* LaunchScreen.storyboard in Resources */ = {isa = PBXBuildFile; fileRef = 1127368325F51DE3004F6519 /* LaunchScreen.storyboard */; };
/* End PBXBuildFile section */

/* Begin PBXFileReference section */
		1100394625F5291300E5B58E /* BaseCoordinator.swift */ = {isa = PBXFileReference; lastKnownFileType = sourcecode.swift; path = BaseCoordinator.swift; sourceTree = "<group>"; };
		1100395025F52C4600E5B58E /* BaseViewController.swift */ = {isa = PBXFileReference; lastKnownFileType = sourcecode.swift; path = BaseViewController.swift; sourceTree = "<group>"; };
		1100395425F52C5B00E5B58E /* BaseViewModel.swift */ = {isa = PBXFileReference; lastKnownFileType = sourcecode.swift; path = BaseViewModel.swift; sourceTree = "<group>"; };
		1100395725F52C6200E5B58E /* StateStore.swift */ = {isa = PBXFileReference; lastKnownFileType = sourcecode.swift; path = StateStore.swift; sourceTree = "<group>"; };
		1100395C25F52E0000E5B58E /* MainCoordinator.swift */ = {isa = PBXFileReference; lastKnownFileType = sourcecode.swift; path = MainCoordinator.swift; sourceTree = "<group>"; };
		1100396025F52FCA00E5B58E /* UIViewController+Extensions.swift */ = {isa = PBXFileReference; lastKnownFileType = sourcecode.swift; path = "UIViewController+Extensions.swift"; sourceTree = "<group>"; };
		1127367525F51DE1004F6519 /* FlickrImageEditor.app */ = {isa = PBXFileReference; explicitFileType = wrapper.application; includeInIndex = 0; path = FlickrImageEditor.app; sourceTree = BUILT_PRODUCTS_DIR; };
		1127367825F51DE1004F6519 /* AppDelegate.swift */ = {isa = PBXFileReference; lastKnownFileType = sourcecode.swift; path = AppDelegate.swift; sourceTree = "<group>"; };
		1127367A25F51DE1004F6519 /* SceneDelegate.swift */ = {isa = PBXFileReference; lastKnownFileType = sourcecode.swift; path = SceneDelegate.swift; sourceTree = "<group>"; };
		1127367E25F51DE3004F6519 /* Assets.xcassets */ = {isa = PBXFileReference; lastKnownFileType = folder.assetcatalog; path = Assets.xcassets; sourceTree = "<group>"; };
		1127368425F51DE3004F6519 /* Base */ = {isa = PBXFileReference; lastKnownFileType = file.storyboard; name = Base; path = Base.lproj/LaunchScreen.storyboard; sourceTree = "<group>"; };
		1127368625F51DE3004F6519 /* Info.plist */ = {isa = PBXFileReference; lastKnownFileType = text.plist.xml; path = Info.plist; sourceTree = "<group>"; };
/* End PBXFileReference section */

/* Begin PBXFrameworksBuildPhase section */
		1127367225F51DE1004F6519 /* Frameworks */ = {
			isa = PBXFrameworksBuildPhase;
			buildActionMask = 2147483647;
			files = (
			);
			runOnlyForDeploymentPostprocessing = 0;
		};
/* End PBXFrameworksBuildPhase section */

/* Begin PBXGroup section */
		1100394525F528F300E5B58E /* Base Classes */ = {
			isa = PBXGroup;
			children = (
				1100394625F5291300E5B58E /* BaseCoordinator.swift */,
				1100395025F52C4600E5B58E /* BaseViewController.swift */,
				1100395425F52C5B00E5B58E /* BaseViewModel.swift */,
				1100395725F52C6200E5B58E /* StateStore.swift */,
			);
			path = "Base Classes";
			sourceTree = "<group>";
		};
		1100394A25F529F300E5B58E /* Application */ = {
			isa = PBXGroup;
			children = (
				1127367825F51DE1004F6519 /* AppDelegate.swift */,
				1127367A25F51DE1004F6519 /* SceneDelegate.swift */,
				1127368F25F51E39004F6519 /* Supporting Files */,
				1100394525F528F300E5B58E /* Base Classes */,
				1100395A25F52D9600E5B58E /* Coordinators */,
				1100395B25F52DCA00E5B58E /* Extensions */,
			);
			path = Application;
			sourceTree = "<group>";
		};
		1100394B25F52B0000E5B58E /* Presentation */ = {
			isa = PBXGroup;
			children = (
				1100394E25F52B5600E5B58E /* Select Image */,
				1100394F25F52B5F00E5B58E /* Edit Image */,
			);
			path = Presentation;
			sourceTree = "<group>";
		};
		1100394C25F52B0800E5B58E /* Infrastructure */ = {
			isa = PBXGroup;
			children = (
				1100394D25F52B3200E5B58E /* API */,
			);
			path = Infrastructure;
			sourceTree = "<group>";
		};
		1100394D25F52B3200E5B58E /* API */ = {
			isa = PBXGroup;
			children = (
			);
			path = API;
			sourceTree = "<group>";
		};
		1100394E25F52B5600E5B58E /* Select Image */ = {
			isa = PBXGroup;
			children = (
			);
			path = "Select Image";
			sourceTree = "<group>";
		};
		1100394F25F52B5F00E5B58E /* Edit Image */ = {
			isa = PBXGroup;
			children = (
			);
			path = "Edit Image";
			sourceTree = "<group>";
		};
		1100395A25F52D9600E5B58E /* Coordinators */ = {
			isa = PBXGroup;
			children = (
				1100395C25F52E0000E5B58E /* MainCoordinator.swift */,
			);
			path = Coordinators;
			sourceTree = "<group>";
		};
		1100395B25F52DCA00E5B58E /* Extensions */ = {
			isa = PBXGroup;
			children = (
				1100396025F52FCA00E5B58E /* UIViewController+Extensions.swift */,
			);
			path = Extensions;
			sourceTree = "<group>";
		};
		1127366C25F51DE1004F6519 = {
			isa = PBXGroup;
			children = (
				1127367725F51DE1004F6519 /* FlickrImageEditor */,
				1127367625F51DE1004F6519 /* Products */,
			);
			sourceTree = "<group>";
		};
		1127367625F51DE1004F6519 /* Products */ = {
			isa = PBXGroup;
			children = (
				1127367525F51DE1004F6519 /* FlickrImageEditor.app */,
			);
			name = Products;
			sourceTree = "<group>";
		};
		1127367725F51DE1004F6519 /* FlickrImageEditor */ = {
			isa = PBXGroup;
			children = (
				1100394A25F529F300E5B58E /* Application */,
				1100394B25F52B0000E5B58E /* Presentation */,
				1100394C25F52B0800E5B58E /* Infrastructure */,
			);
			path = FlickrImageEditor;
			sourceTree = "<group>";
		};
		1127368F25F51E39004F6519 /* Supporting Files */ = {
			isa = PBXGroup;
			children = (
				1127367E25F51DE3004F6519 /* Assets.xcassets */,
				1127368325F51DE3004F6519 /* LaunchScreen.storyboard */,
				1127368625F51DE3004F6519 /* Info.plist */,
			);
			path = "Supporting Files";
			sourceTree = "<group>";
		};
/* End PBXGroup section */

/* Begin PBXNativeTarget section */
		1127367425F51DE1004F6519 /* FlickrImageEditor */ = {
			isa = PBXNativeTarget;
			buildConfigurationList = 1127368925F51DE3004F6519 /* Build configuration list for PBXNativeTarget "FlickrImageEditor" */;
			buildPhases = (
				1127367125F51DE1004F6519 /* Sources */,
				1127367225F51DE1004F6519 /* Frameworks */,
				1127367325F51DE1004F6519 /* Resources */,
			);
			buildRules = (
			);
			dependencies = (
			);
			name = FlickrImageEditor;
			productName = FlickrImageEditor;
			productReference = 1127367525F51DE1004F6519 /* FlickrImageEditor.app */;
			productType = "com.apple.product-type.application";
		};
/* End PBXNativeTarget section */

/* Begin PBXProject section */
		1127366D25F51DE1004F6519 /* Project object */ = {
			isa = PBXProject;
			attributes = {
				LastSwiftUpdateCheck = 1240;
				LastUpgradeCheck = 1240;
				TargetAttributes = {
					1127367425F51DE1004F6519 = {
						CreatedOnToolsVersion = 12.4;
					};
				};
			};
			buildConfigurationList = 1127367025F51DE1004F6519 /* Build configuration list for PBXProject "FlickrImageEditor" */;
			compatibilityVersion = "Xcode 9.3";
			developmentRegion = en;
			hasScannedForEncodings = 0;
			knownRegions = (
				en,
				Base,
			);
			mainGroup = 1127366C25F51DE1004F6519;
			productRefGroup = 1127367625F51DE1004F6519 /* Products */;
			projectDirPath = "";
			projectRoot = "";
			targets = (
				1127367425F51DE1004F6519 /* FlickrImageEditor */,
			);
		};
/* End PBXProject section */

/* Begin PBXResourcesBuildPhase section */
		1127367325F51DE1004F6519 /* Resources */ = {
			isa = PBXResourcesBuildPhase;
			buildActionMask = 2147483647;
			files = (
				1127368525F51DE3004F6519 /* LaunchScreen.storyboard in Resources */,
				1127367F25F51DE3004F6519 /* Assets.xcassets in Resources */,
			);
			runOnlyForDeploymentPostprocessing = 0;
		};
/* End PBXResourcesBuildPhase section */

/* Begin PBXSourcesBuildPhase section */
		1127367125F51DE1004F6519 /* Sources */ = {
			isa = PBXSourcesBuildPhase;
			buildActionMask = 2147483647;
			files = (
				1127367925F51DE1004F6519 /* AppDelegate.swift in Sources */,
				1100395D25F52E0000E5B58E /* MainCoordinator.swift in Sources */,
				1100395525F52C5B00E5B58E /* BaseViewModel.swift in Sources */,
				1100395125F52C4600E5B58E /* BaseViewController.swift in Sources */,
				1100396125F52FCA00E5B58E /* UIViewController+Extensions.swift in Sources */,
				1100394725F5291300E5B58E /* BaseCoordinator.swift in Sources */,
				1127367B25F51DE1004F6519 /* SceneDelegate.swift in Sources */,
				1100395825F52C6200E5B58E /* StateStore.swift in Sources */,
			);
			runOnlyForDeploymentPostprocessing = 0;
		};
/* End PBXSourcesBuildPhase section */

/* Begin PBXVariantGroup section */
		1127368325F51DE3004F6519 /* LaunchScreen.storyboard */ = {
			isa = PBXVariantGroup;
			children = (
				1127368425F51DE3004F6519 /* Base */,
			);
			name = LaunchScreen.storyboard;
			sourceTree = "<group>";
		};
/* End PBXVariantGroup section */

/* Begin XCBuildConfiguration section */
		1127368725F51DE3004F6519 /* Debug */ = {
			isa = XCBuildConfiguration;
			buildSettings = {
				ALWAYS_SEARCH_USER_PATHS = NO;
				CLANG_ANALYZER_NONNULL = YES;
				CLANG_ANALYZER_NUMBER_OBJECT_CONVERSION = YES_AGGRESSIVE;
				CLANG_CXX_LANGUAGE_STANDARD = "gnu++14";
				CLANG_CXX_LIBRARY = "libc++";
				CLANG_ENABLE_MODULES = YES;
				CLANG_ENABLE_OBJC_ARC = YES;
				CLANG_ENABLE_OBJC_WEAK = YES;
				CLANG_WARN_BLOCK_CAPTURE_AUTORELEASING = YES;
				CLANG_WARN_BOOL_CONVERSION = YES;
				CLANG_WARN_COMMA = YES;
				CLANG_WARN_CONSTANT_CONVERSION = YES;
				CLANG_WARN_DEPRECATED_OBJC_IMPLEMENTATIONS = YES;
				CLANG_WARN_DIRECT_OBJC_ISA_USAGE = YES_ERROR;
				CLANG_WARN_DOCUMENTATION_COMMENTS = YES;
				CLANG_WARN_EMPTY_BODY = YES;
				CLANG_WARN_ENUM_CONVERSION = YES;
				CLANG_WARN_INFINITE_RECURSION = YES;
				CLANG_WARN_INT_CONVERSION = YES;
				CLANG_WARN_NON_LITERAL_NULL_CONVERSION = YES;
				CLANG_WARN_OBJC_IMPLICIT_RETAIN_SELF = YES;
				CLANG_WARN_OBJC_LITERAL_CONVERSION = YES;
				CLANG_WARN_OBJC_ROOT_CLASS = YES_ERROR;
				CLANG_WARN_QUOTED_INCLUDE_IN_FRAMEWORK_HEADER = YES;
				CLANG_WARN_RANGE_LOOP_ANALYSIS = YES;
				CLANG_WARN_STRICT_PROTOTYPES = YES;
				CLANG_WARN_SUSPICIOUS_MOVE = YES;
				CLANG_WARN_UNGUARDED_AVAILABILITY = YES_AGGRESSIVE;
				CLANG_WARN_UNREACHABLE_CODE = YES;
				CLANG_WARN__DUPLICATE_METHOD_MATCH = YES;
				COPY_PHASE_STRIP = NO;
				DEBUG_INFORMATION_FORMAT = dwarf;
				ENABLE_STRICT_OBJC_MSGSEND = YES;
				ENABLE_TESTABILITY = YES;
				GCC_C_LANGUAGE_STANDARD = gnu11;
				GCC_DYNAMIC_NO_PIC = NO;
				GCC_NO_COMMON_BLOCKS = YES;
				GCC_OPTIMIZATION_LEVEL = 0;
				GCC_PREPROCESSOR_DEFINITIONS = (
					"DEBUG=1",
					"$(inherited)",
				);
				GCC_WARN_64_TO_32_BIT_CONVERSION = YES;
				GCC_WARN_ABOUT_RETURN_TYPE = YES_ERROR;
				GCC_WARN_UNDECLARED_SELECTOR = YES;
				GCC_WARN_UNINITIALIZED_AUTOS = YES_AGGRESSIVE;
				GCC_WARN_UNUSED_FUNCTION = YES;
				GCC_WARN_UNUSED_VARIABLE = YES;
				IPHONEOS_DEPLOYMENT_TARGET = 14.4;
				MTL_ENABLE_DEBUG_INFO = INCLUDE_SOURCE;
				MTL_FAST_MATH = YES;
				ONLY_ACTIVE_ARCH = YES;
				SDKROOT = iphoneos;
				SWIFT_ACTIVE_COMPILATION_CONDITIONS = DEBUG;
				SWIFT_OPTIMIZATION_LEVEL = "-Onone";
			};
			name = Debug;
		};
		1127368825F51DE3004F6519 /* Release */ = {
			isa = XCBuildConfiguration;
			buildSettings = {
				ALWAYS_SEARCH_USER_PATHS = NO;
				CLANG_ANALYZER_NONNULL = YES;
				CLANG_ANALYZER_NUMBER_OBJECT_CONVERSION = YES_AGGRESSIVE;
				CLANG_CXX_LANGUAGE_STANDARD = "gnu++14";
				CLANG_CXX_LIBRARY = "libc++";
				CLANG_ENABLE_MODULES = YES;
				CLANG_ENABLE_OBJC_ARC = YES;
				CLANG_ENABLE_OBJC_WEAK = YES;
				CLANG_WARN_BLOCK_CAPTURE_AUTORELEASING = YES;
				CLANG_WARN_BOOL_CONVERSION = YES;
				CLANG_WARN_COMMA = YES;
				CLANG_WARN_CONSTANT_CONVERSION = YES;
				CLANG_WARN_DEPRECATED_OBJC_IMPLEMENTATIONS = YES;
				CLANG_WARN_DIRECT_OBJC_ISA_USAGE = YES_ERROR;
				CLANG_WARN_DOCUMENTATION_COMMENTS = YES;
				CLANG_WARN_EMPTY_BODY = YES;
				CLANG_WARN_ENUM_CONVERSION = YES;
				CLANG_WARN_INFINITE_RECURSION = YES;
				CLANG_WARN_INT_CONVERSION = YES;
				CLANG_WARN_NON_LITERAL_NULL_CONVERSION = YES;
				CLANG_WARN_OBJC_IMPLICIT_RETAIN_SELF = YES;
				CLANG_WARN_OBJC_LITERAL_CONVERSION = YES;
				CLANG_WARN_OBJC_ROOT_CLASS = YES_ERROR;
				CLANG_WARN_QUOTED_INCLUDE_IN_FRAMEWORK_HEADER = YES;
				CLANG_WARN_RANGE_LOOP_ANALYSIS = YES;
				CLANG_WARN_STRICT_PROTOTYPES = YES;
				CLANG_WARN_SUSPICIOUS_MOVE = YES;
				CLANG_WARN_UNGUARDED_AVAILABILITY = YES_AGGRESSIVE;
				CLANG_WARN_UNREACHABLE_CODE = YES;
				CLANG_WARN__DUPLICATE_METHOD_MATCH = YES;
				COPY_PHASE_STRIP = NO;
				DEBUG_INFORMATION_FORMAT = "dwarf-with-dsym";
				ENABLE_NS_ASSERTIONS = NO;
				ENABLE_STRICT_OBJC_MSGSEND = YES;
				GCC_C_LANGUAGE_STANDARD = gnu11;
				GCC_NO_COMMON_BLOCKS = YES;
				GCC_WARN_64_TO_32_BIT_CONVERSION = YES;
				GCC_WARN_ABOUT_RETURN_TYPE = YES_ERROR;
				GCC_WARN_UNDECLARED_SELECTOR = YES;
				GCC_WARN_UNINITIALIZED_AUTOS = YES_AGGRESSIVE;
				GCC_WARN_UNUSED_FUNCTION = YES;
				GCC_WARN_UNUSED_VARIABLE = YES;
				IPHONEOS_DEPLOYMENT_TARGET = 14.4;
				MTL_ENABLE_DEBUG_INFO = NO;
				MTL_FAST_MATH = YES;
				SDKROOT = iphoneos;
				SWIFT_COMPILATION_MODE = wholemodule;
				SWIFT_OPTIMIZATION_LEVEL = "-O";
				VALIDATE_PRODUCT = YES;
			};
			name = Release;
		};
		1127368A25F51DE3004F6519 /* Debug */ = {
			isa = XCBuildConfiguration;
			buildSettings = {
				ASSETCATALOG_COMPILER_APPICON_NAME = AppIcon;
				ASSETCATALOG_COMPILER_GLOBAL_ACCENT_COLOR_NAME = AccentColor;
				CODE_SIGN_STYLE = Automatic;
				DEVELOPMENT_TEAM = X4FQH6N5F7;
				ENABLE_PREVIEWS = YES;
				INFOPLIST_FILE = "FlickrImageEditor/Application/Supporting Files/Info.plist";
				IPHONEOS_DEPLOYMENT_TARGET = 14.3;
				LD_RUNPATH_SEARCH_PATHS = (
					"$(inherited)",
					"@executable_path/Frameworks",
				);
				PRODUCT_BUNDLE_IDENTIFIER = com.karassco.FlickrImageEditor;
				PRODUCT_NAME = "$(TARGET_NAME)";
				SWIFT_VERSION = 5.0;
				TARGETED_DEVICE_FAMILY = "1,2";
			};
			name = Debug;
		};
		1127368B25F51DE3004F6519 /* Release */ = {
			isa = XCBuildConfiguration;
			buildSettings = {
				ASSETCATALOG_COMPILER_APPICON_NAME = AppIcon;
				ASSETCATALOG_COMPILER_GLOBAL_ACCENT_COLOR_NAME = AccentColor;
				CODE_SIGN_STYLE = Automatic;
				DEVELOPMENT_TEAM = X4FQH6N5F7;
				ENABLE_PREVIEWS = YES;
				INFOPLIST_FILE = "FlickrImageEditor/Application/Supporting Files/Info.plist";
				IPHONEOS_DEPLOYMENT_TARGET = 14.3;
				LD_RUNPATH_SEARCH_PATHS = (
					"$(inherited)",
					"@executable_path/Frameworks",
				);
				PRODUCT_BUNDLE_IDENTIFIER = com.karassco.FlickrImageEditor;
				PRODUCT_NAME = "$(TARGET_NAME)";
				SWIFT_VERSION = 5.0;
				TARGETED_DEVICE_FAMILY = "1,2";
			};
			name = Release;
		};
/* End XCBuildConfiguration section */

/* Begin XCConfigurationList section */
		1127367025F51DE1004F6519 /* Build configuration list for PBXProject "FlickrImageEditor" */ = {
			isa = XCConfigurationList;
			buildConfigurations = (
				1127368725F51DE3004F6519 /* Debug */,
				1127368825F51DE3004F6519 /* Release */,
			);
			defaultConfigurationIsVisible = 0;
			defaultConfigurationName = Release;
		};
		1127368925F51DE3004F6519 /* Build configuration list for PBXNativeTarget "FlickrImageEditor" */ = {
			isa = XCConfigurationList;
			buildConfigurations = (
				1127368A25F51DE3004F6519 /* Debug */,
				1127368B25F51DE3004F6519 /* Release */,
			);
			defaultConfigurationIsVisible = 0;
			defaultConfigurationName = Release;
		};
/* End XCConfigurationList section */
	};
	rootObject = 1127366D25F51DE1004F6519 /* Project object */;
}
